# This file is automatically @generated by Cargo.
# It is not intended for manual editing.
version = 4

[[package]]
name = "receiver-cli"
version = "0.1.0"

[[package]]
name = "receiver-control-http"
version = "0.1.0"

[[package]]
name = "receiver-core"
version = "0.1.0"

[[package]]
name = "receiver-gstreamer"
version = "0.1.0"

[[package]]
name = "receiver-platform-linux"
version = "0.1.0"

[[package]]
name = "receiver-protocol"
version = "0.1.0"
